
Microsoft Visual Studio Solution File, Format Version 12.00
# Visual Studio Version 16
VisualStudioVersion = 16.0.29806.167
MinimumVisualStudioVersion = 10.0.40219.1
Project("{9A19103F-16F7-4668-BE54-9A1E7A4F7556}") = "OpenTPW", "OpenTPW\OpenTPW.csproj", "{C3549307-580E-44B1-838A-A56C4B51E6F2}"
EndProject
Project("{9A19103F-16F7-4668-BE54-9A1E7A4F7556}") = "OpenTPW.Files", "OpenTPW.Files\OpenTPW.Files.csproj", "{90D07478-E369-4F36-B220-5D6A59C24BFA}"
EndProject
Project("{9A19103F-16F7-4668-BE54-9A1E7A4F7556}") = "OpenTPW.RSSEQ", "OpenTPW.RSSEQ\OpenTPW.RSSEQ.csproj", "{18B8115E-15D3-4309-BE4F-D633E88E1B30}"
EndProject
Global
	GlobalSection(SolutionConfigurationPlatforms) = preSolution
		Debug|Any CPU = Debug|Any CPU
		Debug|x86 = Debug|x86
		Release|Any CPU = Release|Any CPU
		Release|x86 = Release|x86
	EndGlobalSection
	GlobalSection(ProjectConfigurationPlatforms) = postSolution
		{C3549307-580E-44B1-838A-A56C4B51E6F2}.Debug|Any CPU.ActiveCfg = Debug|Any CPU
		{C3549307-580E-44B1-838A-A56C4B51E6F2}.Debug|Any CPU.Build.0 = Debug|Any CPU
		{C3549307-580E-44B1-838A-A56C4B51E6F2}.Debug|x86.ActiveCfg = Debug|x86
		{C3549307-580E-44B1-838A-A56C4B51E6F2}.Debug|x86.Build.0 = Debug|x86
		{C3549307-580E-44B1-838A-A56C4B51E6F2}.Release|Any CPU.ActiveCfg = Release|Any CPU
		{C3549307-580E-44B1-838A-A56C4B51E6F2}.Release|Any CPU.Build.0 = Release|Any CPU
		{C3549307-580E-44B1-838A-A56C4B51E6F2}.Release|x86.ActiveCfg = Release|x86
		{C3549307-580E-44B1-838A-A56C4B51E6F2}.Release|x86.Build.0 = Release|x86
		{90D07478-E369-4F36-B220-5D6A59C24BFA}.Debug|Any CPU.ActiveCfg = Debug|Any CPU
		{90D07478-E369-4F36-B220-5D6A59C24BFA}.Debug|Any CPU.Build.0 = Debug|Any CPU
		{90D07478-E369-4F36-B220-5D6A59C24BFA}.Debug|x86.ActiveCfg = Debug|x86
		{90D07478-E369-4F36-B220-5D6A59C24BFA}.Debug|x86.Build.0 = Debug|x86
		{90D07478-E369-4F36-B220-5D6A59C24BFA}.Release|Any CPU.ActiveCfg = Release|Any CPU
		{90D07478-E369-4F36-B220-5D6A59C24BFA}.Release|Any CPU.Build.0 = Release|Any CPU
		{90D07478-E369-4F36-B220-5D6A59C24BFA}.Release|x86.ActiveCfg = Release|x86
		{90D07478-E369-4F36-B220-5D6A59C24BFA}.Release|x86.Build.0 = Release|x86
		{18B8115E-15D3-4309-BE4F-D633E88E1B30}.Debug|Any CPU.ActiveCfg = Debug|Any CPU
		{18B8115E-15D3-4309-BE4F-D633E88E1B30}.Debug|Any CPU.Build.0 = Debug|Any CPU
		{18B8115E-15D3-4309-BE4F-D633E88E1B30}.Debug|x86.ActiveCfg = Debug|x86
		{18B8115E-15D3-4309-BE4F-D633E88E1B30}.Debug|x86.Build.0 = Debug|x86
		{18B8115E-15D3-4309-BE4F-D633E88E1B30}.Release|Any CPU.ActiveCfg = Release|Any CPU
		{18B8115E-15D3-4309-BE4F-D633E88E1B30}.Release|Any CPU.Build.0 = Release|Any CPU
		{18B8115E-15D3-4309-BE4F-D633E88E1B30}.Release|x86.ActiveCfg = Release|x86
		{18B8115E-15D3-4309-BE4F-D633E88E1B30}.Release|x86.Build.0 = Release|x86
	EndGlobalSection
	GlobalSection(SolutionProperties) = preSolution
		HideSolutionNode = FALSE
	EndGlobalSection
	GlobalSection(ExtensibilityGlobals) = postSolution
		SolutionGuid = {ECDA4DCA-DCAF-4183-8BE1-D270D30E635F}
	EndGlobalSection
EndGlobal
