
Microsoft Visual Studio Solution File, Format Version 12.00
# Visual Studio Version 16
VisualStudioVersion = 16.0.29806.167
MinimumVisualStudioVersion = 10.0.40219.1
Project("{9A19103F-16F7-4668-BE54-9A1E7A4F7556}") = "OpenTPW", "Game\OpenTPW\OpenTPW.csproj", "{C3549307-580E-44B1-838A-A56C4B51E6F2}"
EndProject
Project("{9A19103F-16F7-4668-BE54-9A1E7A4F7556}") = "OpenTPW.Files", "Game\OpenTPW.Files\OpenTPW.Files.csproj", "{90D07478-E369-4F36-B220-5D6A59C24BFA}"
EndProject
Project("{9A19103F-16F7-4668-BE54-9A1E7A4F7556}") = "OpenTPW.RSSEQ", "Game\OpenTPW.RSSEQ\OpenTPW.RSSEQ.csproj", "{18B8115E-15D3-4309-BE4F-D633E88E1B30}"
EndProject
Project("{2150E333-8FDC-42A3-9474-1A3956D46DE8}") = "Game", "Game", "{03E45ACE-9BB0-43D9-8189-B17223881594}"
EndProject
Project("{2150E333-8FDC-42A3-9474-1A3956D46DE8}") = "Engine", "Engine", "{7A5B4100-0BA3-4F63-AFE8-97A5BA860515}"
EndProject
Project("{9A19103F-16F7-4668-BE54-9A1E7A4F7556}") = "Quincy", "Engine\Quincy\Quincy.csproj", "{B471FB42-6C85-4069-A374-906D0B2BAA90}"
EndProject
Project("{2150E333-8FDC-42A3-9474-1A3956D46DE8}") = "Other", "Other", "{A502FFE8-3502-4309-822F-82296CDA3AB3}"
EndProject
Project("{9A19103F-16F7-4668-BE54-9A1E7A4F7556}") = "OpenGL.Net.Math", "..\Other\OpenGL.Net\Source\OpenGL.Net\OpenGL.Net.Math.csproj", "{73AAF94A-3221-4537-925C-0E10A1F73B49}"
EndProject
Project("{9A19103F-16F7-4668-BE54-9A1E7A4F7556}") = "OpenGL.Net", "..\Other\OpenGL.Net\Source\OpenGL.Net\OpenGL.Net.csproj", "{31637704-877A-4ADE-B30C-B4F3EA6B5722}"
EndProject
Project("{9A19103F-16F7-4668-BE54-9A1E7A4F7556}") = "OpenGL.Net.CoreUI", "..\Other\OpenGL.Net\Source\OpenGL.Net.CoreUI\OpenGL.Net.CoreUI.csproj", "{444E4211-EAB9-40ED-879E-4937DDC0075A}"
EndProject
Project("{9A19103F-16F7-4668-BE54-9A1E7A4F7556}") = "stbi-sharp", "..\Other\stbi-sharp\stbi-sharp.csproj", "{4BE8A691-6F82-47FC-A17C-43AE25EB5B9F}"
EndProject
Project("{9A19103F-16F7-4668-BE54-9A1E7A4F7556}") = "Engine.Utils", "Engine\Engine.Utils\Engine.Utils.csproj", "{AD276C10-A7DE-4E0A-9DD7-88155A9BE423}"
EndProject
Project("{9A19103F-16F7-4668-BE54-9A1E7A4F7556}") = "Engine.Gui", "Engine\Engine.ImGui\Engine.Gui.csproj", "{21D6632A-52F2-4ED3-8DE3-FE6E9EBD234B}"
EndProject
Project("{9A19103F-16F7-4668-BE54-9A1E7A4F7556}") = "Engine.ECS", "Engine\Engine.ECS\Engine.ECS.csproj", "{536646A0-3697-46AD-97C5-B37415662121}"
EndProject
Project("{9A19103F-16F7-4668-BE54-9A1E7A4F7556}") = "Engine", "Engine\Engine\Engine.csproj", "{2F71A9CF-F332-4801-B185-DAC6E226FC33}"
EndProject
Global
	GlobalSection(SharedMSBuildProjectFiles) = preSolution
		..\Other\OpenGL.Net\Source\Khronos.Net\Khronos.Net.projitems*{31637704-877a-4ade-b30c-b4f3ea6b5722}*SharedItemsImports = 5
	EndGlobalSection
	GlobalSection(SolutionConfigurationPlatforms) = preSolution
		Debug|Any CPU = Debug|Any CPU
		Debug|x64 = Debug|x64
		Debug|x86 = Debug|x86
		Release|Any CPU = Release|Any CPU
		Release|x64 = Release|x64
		Release|x86 = Release|x86
	EndGlobalSection
	GlobalSection(ProjectConfigurationPlatforms) = postSolution
		{C3549307-580E-44B1-838A-A56C4B51E6F2}.Debug|Any CPU.ActiveCfg = Debug|Any CPU
		{C3549307-580E-44B1-838A-A56C4B51E6F2}.Debug|Any CPU.Build.0 = Debug|Any CPU
		{C3549307-580E-44B1-838A-A56C4B51E6F2}.Debug|x64.ActiveCfg = Debug|x64
		{C3549307-580E-44B1-838A-A56C4B51E6F2}.Debug|x64.Build.0 = Debug|x64
		{C3549307-580E-44B1-838A-A56C4B51E6F2}.Debug|x86.ActiveCfg = Debug|x86
		{C3549307-580E-44B1-838A-A56C4B51E6F2}.Debug|x86.Build.0 = Debug|x86
		{C3549307-580E-44B1-838A-A56C4B51E6F2}.Release|Any CPU.ActiveCfg = Release|Any CPU
		{C3549307-580E-44B1-838A-A56C4B51E6F2}.Release|Any CPU.Build.0 = Release|Any CPU
		{C3549307-580E-44B1-838A-A56C4B51E6F2}.Release|x64.ActiveCfg = Release|x64
		{C3549307-580E-44B1-838A-A56C4B51E6F2}.Release|x64.Build.0 = Release|x64
		{C3549307-580E-44B1-838A-A56C4B51E6F2}.Release|x86.ActiveCfg = Release|x86
		{C3549307-580E-44B1-838A-A56C4B51E6F2}.Release|x86.Build.0 = Release|x86
		{90D07478-E369-4F36-B220-5D6A59C24BFA}.Debug|Any CPU.ActiveCfg = Debug|Any CPU
		{90D07478-E369-4F36-B220-5D6A59C24BFA}.Debug|Any CPU.Build.0 = Debug|Any CPU
		{90D07478-E369-4F36-B220-5D6A59C24BFA}.Debug|x64.ActiveCfg = Debug|x64
		{90D07478-E369-4F36-B220-5D6A59C24BFA}.Debug|x64.Build.0 = Debug|x64
		{90D07478-E369-4F36-B220-5D6A59C24BFA}.Debug|x86.ActiveCfg = Debug|x86
		{90D07478-E369-4F36-B220-5D6A59C24BFA}.Debug|x86.Build.0 = Debug|x86
		{90D07478-E369-4F36-B220-5D6A59C24BFA}.Release|Any CPU.ActiveCfg = Release|Any CPU
		{90D07478-E369-4F36-B220-5D6A59C24BFA}.Release|Any CPU.Build.0 = Release|Any CPU
		{90D07478-E369-4F36-B220-5D6A59C24BFA}.Release|x64.ActiveCfg = Release|x64
		{90D07478-E369-4F36-B220-5D6A59C24BFA}.Release|x64.Build.0 = Release|x64
		{90D07478-E369-4F36-B220-5D6A59C24BFA}.Release|x86.ActiveCfg = Release|x86
		{90D07478-E369-4F36-B220-5D6A59C24BFA}.Release|x86.Build.0 = Release|x86
		{18B8115E-15D3-4309-BE4F-D633E88E1B30}.Debug|Any CPU.ActiveCfg = Debug|Any CPU
		{18B8115E-15D3-4309-BE4F-D633E88E1B30}.Debug|Any CPU.Build.0 = Debug|Any CPU
		{18B8115E-15D3-4309-BE4F-D633E88E1B30}.Debug|x64.ActiveCfg = Debug|x64
		{18B8115E-15D3-4309-BE4F-D633E88E1B30}.Debug|x64.Build.0 = Debug|x64
		{18B8115E-15D3-4309-BE4F-D633E88E1B30}.Debug|x86.ActiveCfg = Debug|x86
		{18B8115E-15D3-4309-BE4F-D633E88E1B30}.Debug|x86.Build.0 = Debug|x86
		{18B8115E-15D3-4309-BE4F-D633E88E1B30}.Release|Any CPU.ActiveCfg = Release|Any CPU
		{18B8115E-15D3-4309-BE4F-D633E88E1B30}.Release|Any CPU.Build.0 = Release|Any CPU
		{18B8115E-15D3-4309-BE4F-D633E88E1B30}.Release|x64.ActiveCfg = Release|x64
		{18B8115E-15D3-4309-BE4F-D633E88E1B30}.Release|x64.Build.0 = Release|x64
		{18B8115E-15D3-4309-BE4F-D633E88E1B30}.Release|x86.ActiveCfg = Release|x86
		{18B8115E-15D3-4309-BE4F-D633E88E1B30}.Release|x86.Build.0 = Release|x86
		{B471FB42-6C85-4069-A374-906D0B2BAA90}.Debug|Any CPU.ActiveCfg = Debug|x86
		{B471FB42-6C85-4069-A374-906D0B2BAA90}.Debug|x64.ActiveCfg = Debug|x64
		{B471FB42-6C85-4069-A374-906D0B2BAA90}.Debug|x64.Build.0 = Debug|x64
		{B471FB42-6C85-4069-A374-906D0B2BAA90}.Debug|x86.ActiveCfg = Debug|x86
		{B471FB42-6C85-4069-A374-906D0B2BAA90}.Debug|x86.Build.0 = Debug|x86
		{B471FB42-6C85-4069-A374-906D0B2BAA90}.Release|Any CPU.ActiveCfg = Release|x86
		{B471FB42-6C85-4069-A374-906D0B2BAA90}.Release|x64.ActiveCfg = Release|x64
		{B471FB42-6C85-4069-A374-906D0B2BAA90}.Release|x86.ActiveCfg = Release|x86
		{B471FB42-6C85-4069-A374-906D0B2BAA90}.Release|x86.Build.0 = Release|x86
		{73AAF94A-3221-4537-925C-0E10A1F73B49}.Debug|Any CPU.ActiveCfg = Debug|x86
		{73AAF94A-3221-4537-925C-0E10A1F73B49}.Debug|x64.ActiveCfg = Debug|x64
		{73AAF94A-3221-4537-925C-0E10A1F73B49}.Debug|x64.Build.0 = Debug|x64
		{73AAF94A-3221-4537-925C-0E10A1F73B49}.Debug|x86.ActiveCfg = Debug|x86
		{73AAF94A-3221-4537-925C-0E10A1F73B49}.Debug|x86.Build.0 = Debug|x86
		{73AAF94A-3221-4537-925C-0E10A1F73B49}.Release|Any CPU.ActiveCfg = Release|x86
		{73AAF94A-3221-4537-925C-0E10A1F73B49}.Release|x64.ActiveCfg = Release|x64
		{73AAF94A-3221-4537-925C-0E10A1F73B49}.Release|x86.ActiveCfg = Release|x86
		{73AAF94A-3221-4537-925C-0E10A1F73B49}.Release|x86.Build.0 = Release|x86
		{31637704-877A-4ADE-B30C-B4F3EA6B5722}.Debug|Any CPU.ActiveCfg = Debug|x86
		{31637704-877A-4ADE-B30C-B4F3EA6B5722}.Debug|x64.ActiveCfg = Debug|x64
		{31637704-877A-4ADE-B30C-B4F3EA6B5722}.Debug|x64.Build.0 = Debug|x64
		{31637704-877A-4ADE-B30C-B4F3EA6B5722}.Debug|x86.ActiveCfg = Debug|x86
		{31637704-877A-4ADE-B30C-B4F3EA6B5722}.Debug|x86.Build.0 = Debug|x86
		{31637704-877A-4ADE-B30C-B4F3EA6B5722}.Release|Any CPU.ActiveCfg = Release|x86
		{31637704-877A-4ADE-B30C-B4F3EA6B5722}.Release|x64.ActiveCfg = Release|x64
		{31637704-877A-4ADE-B30C-B4F3EA6B5722}.Release|x86.ActiveCfg = Release|x86
		{31637704-877A-4ADE-B30C-B4F3EA6B5722}.Release|x86.Build.0 = Release|x86
		{444E4211-EAB9-40ED-879E-4937DDC0075A}.Debug|Any CPU.ActiveCfg = Debug|x86
		{444E4211-EAB9-40ED-879E-4937DDC0075A}.Debug|x64.ActiveCfg = Debug|x64
		{444E4211-EAB9-40ED-879E-4937DDC0075A}.Debug|x64.Build.0 = Debug|x64
		{444E4211-EAB9-40ED-879E-4937DDC0075A}.Debug|x86.ActiveCfg = Debug|x86
		{444E4211-EAB9-40ED-879E-4937DDC0075A}.Debug|x86.Build.0 = Debug|x86
		{444E4211-EAB9-40ED-879E-4937DDC0075A}.Release|Any CPU.ActiveCfg = Release|x86
		{444E4211-EAB9-40ED-879E-4937DDC0075A}.Release|x64.ActiveCfg = Release|x64
		{444E4211-EAB9-40ED-879E-4937DDC0075A}.Release|x86.ActiveCfg = Release|x86
		{444E4211-EAB9-40ED-879E-4937DDC0075A}.Release|x86.Build.0 = Release|x86
		{4BE8A691-6F82-47FC-A17C-43AE25EB5B9F}.Debug|Any CPU.ActiveCfg = Debug|Any CPU
		{4BE8A691-6F82-47FC-A17C-43AE25EB5B9F}.Debug|Any CPU.Build.0 = Debug|Any CPU
		{4BE8A691-6F82-47FC-A17C-43AE25EB5B9F}.Debug|x64.ActiveCfg = Debug|x64
		{4BE8A691-6F82-47FC-A17C-43AE25EB5B9F}.Debug|x64.Build.0 = Debug|x64
		{4BE8A691-6F82-47FC-A17C-43AE25EB5B9F}.Debug|x86.ActiveCfg = Debug|Any CPU
		{4BE8A691-6F82-47FC-A17C-43AE25EB5B9F}.Debug|x86.Build.0 = Debug|Any CPU
		{4BE8A691-6F82-47FC-A17C-43AE25EB5B9F}.Release|Any CPU.ActiveCfg = Release|Any CPU
		{4BE8A691-6F82-47FC-A17C-43AE25EB5B9F}.Release|Any CPU.Build.0 = Release|Any CPU
		{4BE8A691-6F82-47FC-A17C-43AE25EB5B9F}.Release|x64.ActiveCfg = Release|x64
		{4BE8A691-6F82-47FC-A17C-43AE25EB5B9F}.Release|x64.Build.0 = Release|x64
		{4BE8A691-6F82-47FC-A17C-43AE25EB5B9F}.Release|x86.ActiveCfg = Release|Any CPU
		{4BE8A691-6F82-47FC-A17C-43AE25EB5B9F}.Release|x86.Build.0 = Release|Any CPU
		{AD276C10-A7DE-4E0A-9DD7-88155A9BE423}.Debug|Any CPU.ActiveCfg = Debug|x86
		{AD276C10-A7DE-4E0A-9DD7-88155A9BE423}.Debug|x64.ActiveCfg = Debug|x64
		{AD276C10-A7DE-4E0A-9DD7-88155A9BE423}.Debug|x64.Build.0 = Debug|x64
		{AD276C10-A7DE-4E0A-9DD7-88155A9BE423}.Debug|x86.ActiveCfg = Debug|x86
		{AD276C10-A7DE-4E0A-9DD7-88155A9BE423}.Debug|x86.Build.0 = Debug|x86
		{AD276C10-A7DE-4E0A-9DD7-88155A9BE423}.Release|Any CPU.ActiveCfg = Release|x86
		{AD276C10-A7DE-4E0A-9DD7-88155A9BE423}.Release|x64.ActiveCfg = Release|x64
		{AD276C10-A7DE-4E0A-9DD7-88155A9BE423}.Release|x86.ActiveCfg = Release|x86
		{AD276C10-A7DE-4E0A-9DD7-88155A9BE423}.Release|x86.Build.0 = Release|x86
		{21D6632A-52F2-4ED3-8DE3-FE6E9EBD234B}.Debug|Any CPU.ActiveCfg = Debug|x86
		{21D6632A-52F2-4ED3-8DE3-FE6E9EBD234B}.Debug|x64.ActiveCfg = Debug|x64
		{21D6632A-52F2-4ED3-8DE3-FE6E9EBD234B}.Debug|x64.Build.0 = Debug|x64
		{21D6632A-52F2-4ED3-8DE3-FE6E9EBD234B}.Debug|x86.ActiveCfg = Debug|x86
		{21D6632A-52F2-4ED3-8DE3-FE6E9EBD234B}.Debug|x86.Build.0 = Debug|x86
		{21D6632A-52F2-4ED3-8DE3-FE6E9EBD234B}.Release|Any CPU.ActiveCfg = Release|x86
		{21D6632A-52F2-4ED3-8DE3-FE6E9EBD234B}.Release|x64.ActiveCfg = Release|x64
		{21D6632A-52F2-4ED3-8DE3-FE6E9EBD234B}.Release|x86.ActiveCfg = Release|x86
		{21D6632A-52F2-4ED3-8DE3-FE6E9EBD234B}.Release|x86.Build.0 = Release|x86
		{536646A0-3697-46AD-97C5-B37415662121}.Debug|Any CPU.ActiveCfg = Debug|x86
		{536646A0-3697-46AD-97C5-B37415662121}.Debug|x64.ActiveCfg = Debug|x64
		{536646A0-3697-46AD-97C5-B37415662121}.Debug|x64.Build.0 = Debug|x64
		{536646A0-3697-46AD-97C5-B37415662121}.Debug|x86.ActiveCfg = Debug|x86
		{536646A0-3697-46AD-97C5-B37415662121}.Debug|x86.Build.0 = Debug|x86
		{536646A0-3697-46AD-97C5-B37415662121}.Release|Any CPU.ActiveCfg = Release|x86
		{536646A0-3697-46AD-97C5-B37415662121}.Release|x64.ActiveCfg = Release|x64
		{536646A0-3697-46AD-97C5-B37415662121}.Release|x86.ActiveCfg = Release|x86
		{536646A0-3697-46AD-97C5-B37415662121}.Release|x86.Build.0 = Release|x86
		{2F71A9CF-F332-4801-B185-DAC6E226FC33}.Debug|Any CPU.ActiveCfg = Debug|x86
		{2F71A9CF-F332-4801-B185-DAC6E226FC33}.Debug|x64.ActiveCfg = Debug|x64
		{2F71A9CF-F332-4801-B185-DAC6E226FC33}.Debug|x64.Build.0 = Debug|x64
		{2F71A9CF-F332-4801-B185-DAC6E226FC33}.Debug|x86.ActiveCfg = Debug|x86
		{2F71A9CF-F332-4801-B185-DAC6E226FC33}.Debug|x86.Build.0 = Debug|x86
		{2F71A9CF-F332-4801-B185-DAC6E226FC33}.Release|Any CPU.ActiveCfg = Release|x86
		{2F71A9CF-F332-4801-B185-DAC6E226FC33}.Release|x64.ActiveCfg = Release|x64
		{2F71A9CF-F332-4801-B185-DAC6E226FC33}.Release|x86.ActiveCfg = Release|x86
		{2F71A9CF-F332-4801-B185-DAC6E226FC33}.Release|x86.Build.0 = Release|x86
	EndGlobalSection
	GlobalSection(SolutionProperties) = preSolution
		HideSolutionNode = FALSE
	EndGlobalSection
	GlobalSection(NestedProjects) = preSolution
		{C3549307-580E-44B1-838A-A56C4B51E6F2} = {03E45ACE-9BB0-43D9-8189-B17223881594}
		{90D07478-E369-4F36-B220-5D6A59C24BFA} = {03E45ACE-9BB0-43D9-8189-B17223881594}
		{18B8115E-15D3-4309-BE4F-D633E88E1B30} = {03E45ACE-9BB0-43D9-8189-B17223881594}
		{B471FB42-6C85-4069-A374-906D0B2BAA90} = {7A5B4100-0BA3-4F63-AFE8-97A5BA860515}
		{73AAF94A-3221-4537-925C-0E10A1F73B49} = {A502FFE8-3502-4309-822F-82296CDA3AB3}
		{31637704-877A-4ADE-B30C-B4F3EA6B5722} = {A502FFE8-3502-4309-822F-82296CDA3AB3}
		{444E4211-EAB9-40ED-879E-4937DDC0075A} = {A502FFE8-3502-4309-822F-82296CDA3AB3}
		{4BE8A691-6F82-47FC-A17C-43AE25EB5B9F} = {A502FFE8-3502-4309-822F-82296CDA3AB3}
		{AD276C10-A7DE-4E0A-9DD7-88155A9BE423} = {7A5B4100-0BA3-4F63-AFE8-97A5BA860515}
		{21D6632A-52F2-4ED3-8DE3-FE6E9EBD234B} = {7A5B4100-0BA3-4F63-AFE8-97A5BA860515}
		{536646A0-3697-46AD-97C5-B37415662121} = {7A5B4100-0BA3-4F63-AFE8-97A5BA860515}
		{2F71A9CF-F332-4801-B185-DAC6E226FC33} = {7A5B4100-0BA3-4F63-AFE8-97A5BA860515}
	EndGlobalSection
	GlobalSection(ExtensibilityGlobals) = postSolution
		SolutionGuid = {ECDA4DCA-DCAF-4183-8BE1-D270D30E635F}
	EndGlobalSection
EndGlobal
