
Microsoft Visual Studio Solution File, Format Version 12.00
# Visual Studio Version 16
VisualStudioVersion = 16.0.29806.167
MinimumVisualStudioVersion = 10.0.40219.1
Project("{9A19103F-16F7-4668-BE54-9A1E7A4F7556}") = "OpenTPW", "OpenTPW\OpenTPW.csproj", "{C3549307-580E-44B1-838A-A56C4B51E6F2}"
EndProject
Project("{9A19103F-16F7-4668-BE54-9A1E7A4F7556}") = "OpenTPW.Files", "OpenTPW.Files\OpenTPW.Files.csproj", "{90D07478-E369-4F36-B220-5D6A59C24BFA}"
EndProject
Project("{9A19103F-16F7-4668-BE54-9A1E7A4F7556}") = "OpenTPW.RSSEQ", "OpenTPW.RSSEQ\OpenTPW.RSSEQ.csproj", "{18B8115E-15D3-4309-BE4F-D633E88E1B30}"
EndProject
Project("{2150E333-8FDC-42A3-9474-1A3956D46DE8}") = "Source", "Source", "{ED2A1255-BE55-4242-9F4A-D73DFB7E6DED}"
EndProject
Project("{2150E333-8FDC-42A3-9474-1A3956D46DE8}") = "Other", "Other", "{7C7F083F-4FA7-45FB-B3DC-F46E7A0FB704}"
EndProject
Project("{9A19103F-16F7-4668-BE54-9A1E7A4F7556}") = "Engine", "..\Other\Engine\Source\Engine\Engine.csproj", "{C3E8D7DC-B3C9-482D-95C1-C8D4D8920807}"
EndProject
Project("{9A19103F-16F7-4668-BE54-9A1E7A4F7556}") = "Engine.AssetCompiler", "..\Other\Engine\Source\Engine.AssetCompiler\Engine.AssetCompiler.csproj", "{E98A3BF4-4013-49B0-826D-BBB9CAA74A74}"
EndProject
Project("{9A19103F-16F7-4668-BE54-9A1E7A4F7556}") = "Engine.ECS", "..\Other\Engine\Source\Engine.ECS\Engine.ECS.csproj", "{628756A5-6290-4F64-90BA-38668238E049}"
EndProject
Project("{9A19103F-16F7-4668-BE54-9A1E7A4F7556}") = "Engine.Gui", "..\Other\Engine\Source\Engine.ImGui\Engine.Gui.csproj", "{762990B1-9A5F-41E8-92E6-216A39967FC8}"
EndProject
Project("{9A19103F-16F7-4668-BE54-9A1E7A4F7556}") = "Engine.Utils", "..\Other\Engine\Source\Engine.Utils\Engine.Utils.csproj", "{22CFF382-269E-4F96-8E31-1962D09E0F72}"
EndProject
Project("{9A19103F-16F7-4668-BE54-9A1E7A4F7556}") = "Quincy", "..\Other\Engine\Source\Quincy\Quincy.csproj", "{8F59CD53-1B62-4106-AB69-D3A566A2DE72}"
EndProject
Project("{2150E333-8FDC-42A3-9474-1A3956D46DE8}") = "Engine", "Engine", "{89035C41-AD9F-4918-BA0F-D8769934FAE0}"
EndProject
Project("{2150E333-8FDC-42A3-9474-1A3956D46DE8}") = "Other", "Other", "{362D1621-9F19-4789-B5EE-BC58B5D38AC7}"
EndProject
Project("{9A19103F-16F7-4668-BE54-9A1E7A4F7556}") = "OpenGL.Net.CoreUI", "..\Other\Engine\Other\OpenGL.Net\Source\OpenGL.Net.CoreUI\OpenGL.Net.CoreUI.csproj", "{CD09E87F-080B-45B4-A89A-0ACC405FEA73}"
EndProject
Project("{9A19103F-16F7-4668-BE54-9A1E7A4F7556}") = "stbi-sharp", "..\Other\Engine\Other\stbi-sharp\stbi-sharp.csproj", "{25683C16-D38A-43B6-B06E-C3F5357DDB21}"
EndProject
Project("{9A19103F-16F7-4668-BE54-9A1E7A4F7556}") = "OpenGL.Net.Math", "..\Other\Engine\Other\OpenGL.Net\Source\OpenGL.Net\OpenGL.Net.Math.csproj", "{DF3333B7-F4B3-4A9A-A771-A9A1D913C2F8}"
EndProject
Project("{9A19103F-16F7-4668-BE54-9A1E7A4F7556}") = "OpenGL.Net", "..\Other\Engine\Other\OpenGL.Net\Source\OpenGL.Net\OpenGL.Net.csproj", "{F463E77E-BD34-4BB0-B1B4-4782EE980B84}"
EndProject
Global
	GlobalSection(SharedMSBuildProjectFiles) = preSolution
		..\Other\Engine\Other\OpenGL.Net\Source\Khronos.Net\Khronos.Net.projitems*{f463e77e-bd34-4bb0-b1b4-4782ee980b84}*SharedItemsImports = 5
	EndGlobalSection
	GlobalSection(SolutionConfigurationPlatforms) = preSolution
		Debug|Any CPU = Debug|Any CPU
		Debug|x64 = Debug|x64
		Debug|x86 = Debug|x86
		Release|Any CPU = Release|Any CPU
		Release|x64 = Release|x64
		Release|x86 = Release|x86
	EndGlobalSection
	GlobalSection(ProjectConfigurationPlatforms) = postSolution
		{C3549307-580E-44B1-838A-A56C4B51E6F2}.Debug|Any CPU.ActiveCfg = Debug|Any CPU
		{C3549307-580E-44B1-838A-A56C4B51E6F2}.Debug|Any CPU.Build.0 = Debug|Any CPU
		{C3549307-580E-44B1-838A-A56C4B51E6F2}.Debug|x64.ActiveCfg = Debug|Any CPU
		{C3549307-580E-44B1-838A-A56C4B51E6F2}.Debug|x64.Build.0 = Debug|Any CPU
		{C3549307-580E-44B1-838A-A56C4B51E6F2}.Debug|x86.ActiveCfg = Debug|x86
		{C3549307-580E-44B1-838A-A56C4B51E6F2}.Debug|x86.Build.0 = Debug|x86
		{C3549307-580E-44B1-838A-A56C4B51E6F2}.Release|Any CPU.ActiveCfg = Release|Any CPU
		{C3549307-580E-44B1-838A-A56C4B51E6F2}.Release|Any CPU.Build.0 = Release|Any CPU
		{C3549307-580E-44B1-838A-A56C4B51E6F2}.Release|x64.ActiveCfg = Release|Any CPU
		{C3549307-580E-44B1-838A-A56C4B51E6F2}.Release|x64.Build.0 = Release|Any CPU
		{C3549307-580E-44B1-838A-A56C4B51E6F2}.Release|x86.ActiveCfg = Release|x86
		{C3549307-580E-44B1-838A-A56C4B51E6F2}.Release|x86.Build.0 = Release|x86
		{90D07478-E369-4F36-B220-5D6A59C24BFA}.Debug|Any CPU.ActiveCfg = Debug|Any CPU
		{90D07478-E369-4F36-B220-5D6A59C24BFA}.Debug|Any CPU.Build.0 = Debug|Any CPU
		{90D07478-E369-4F36-B220-5D6A59C24BFA}.Debug|x64.ActiveCfg = Debug|Any CPU
		{90D07478-E369-4F36-B220-5D6A59C24BFA}.Debug|x64.Build.0 = Debug|Any CPU
		{90D07478-E369-4F36-B220-5D6A59C24BFA}.Debug|x86.ActiveCfg = Debug|x86
		{90D07478-E369-4F36-B220-5D6A59C24BFA}.Debug|x86.Build.0 = Debug|x86
		{90D07478-E369-4F36-B220-5D6A59C24BFA}.Release|Any CPU.ActiveCfg = Release|Any CPU
		{90D07478-E369-4F36-B220-5D6A59C24BFA}.Release|Any CPU.Build.0 = Release|Any CPU
		{90D07478-E369-4F36-B220-5D6A59C24BFA}.Release|x64.ActiveCfg = Release|Any CPU
		{90D07478-E369-4F36-B220-5D6A59C24BFA}.Release|x64.Build.0 = Release|Any CPU
		{90D07478-E369-4F36-B220-5D6A59C24BFA}.Release|x86.ActiveCfg = Release|x86
		{90D07478-E369-4F36-B220-5D6A59C24BFA}.Release|x86.Build.0 = Release|x86
		{18B8115E-15D3-4309-BE4F-D633E88E1B30}.Debug|Any CPU.ActiveCfg = Debug|Any CPU
		{18B8115E-15D3-4309-BE4F-D633E88E1B30}.Debug|Any CPU.Build.0 = Debug|Any CPU
		{18B8115E-15D3-4309-BE4F-D633E88E1B30}.Debug|x64.ActiveCfg = Debug|Any CPU
		{18B8115E-15D3-4309-BE4F-D633E88E1B30}.Debug|x64.Build.0 = Debug|Any CPU
		{18B8115E-15D3-4309-BE4F-D633E88E1B30}.Debug|x86.ActiveCfg = Debug|x86
		{18B8115E-15D3-4309-BE4F-D633E88E1B30}.Debug|x86.Build.0 = Debug|x86
		{18B8115E-15D3-4309-BE4F-D633E88E1B30}.Release|Any CPU.ActiveCfg = Release|Any CPU
		{18B8115E-15D3-4309-BE4F-D633E88E1B30}.Release|Any CPU.Build.0 = Release|Any CPU
		{18B8115E-15D3-4309-BE4F-D633E88E1B30}.Release|x64.ActiveCfg = Release|Any CPU
		{18B8115E-15D3-4309-BE4F-D633E88E1B30}.Release|x64.Build.0 = Release|Any CPU
		{18B8115E-15D3-4309-BE4F-D633E88E1B30}.Release|x86.ActiveCfg = Release|x86
		{18B8115E-15D3-4309-BE4F-D633E88E1B30}.Release|x86.Build.0 = Release|x86
		{C3E8D7DC-B3C9-482D-95C1-C8D4D8920807}.Debug|Any CPU.ActiveCfg = Debug|x86
		{C3E8D7DC-B3C9-482D-95C1-C8D4D8920807}.Debug|x64.ActiveCfg = Debug|x64
		{C3E8D7DC-B3C9-482D-95C1-C8D4D8920807}.Debug|x64.Build.0 = Debug|x64
		{C3E8D7DC-B3C9-482D-95C1-C8D4D8920807}.Debug|x86.ActiveCfg = Debug|x86
		{C3E8D7DC-B3C9-482D-95C1-C8D4D8920807}.Debug|x86.Build.0 = Debug|x86
		{C3E8D7DC-B3C9-482D-95C1-C8D4D8920807}.Release|Any CPU.ActiveCfg = Release|x86
		{C3E8D7DC-B3C9-482D-95C1-C8D4D8920807}.Release|x64.ActiveCfg = Release|x64
		{C3E8D7DC-B3C9-482D-95C1-C8D4D8920807}.Release|x64.Build.0 = Release|x64
		{C3E8D7DC-B3C9-482D-95C1-C8D4D8920807}.Release|x86.ActiveCfg = Release|x86
		{C3E8D7DC-B3C9-482D-95C1-C8D4D8920807}.Release|x86.Build.0 = Release|x86
		{E98A3BF4-4013-49B0-826D-BBB9CAA74A74}.Debug|Any CPU.ActiveCfg = Debug|Any CPU
		{E98A3BF4-4013-49B0-826D-BBB9CAA74A74}.Debug|Any CPU.Build.0 = Debug|Any CPU
		{E98A3BF4-4013-49B0-826D-BBB9CAA74A74}.Debug|x64.ActiveCfg = Debug|x64
		{E98A3BF4-4013-49B0-826D-BBB9CAA74A74}.Debug|x64.Build.0 = Debug|x64
		{E98A3BF4-4013-49B0-826D-BBB9CAA74A74}.Debug|x86.ActiveCfg = Debug|x86
		{E98A3BF4-4013-49B0-826D-BBB9CAA74A74}.Debug|x86.Build.0 = Debug|x86
		{E98A3BF4-4013-49B0-826D-BBB9CAA74A74}.Release|Any CPU.ActiveCfg = Release|Any CPU
		{E98A3BF4-4013-49B0-826D-BBB9CAA74A74}.Release|Any CPU.Build.0 = Release|Any CPU
		{E98A3BF4-4013-49B0-826D-BBB9CAA74A74}.Release|x64.ActiveCfg = Release|x64
		{E98A3BF4-4013-49B0-826D-BBB9CAA74A74}.Release|x64.Build.0 = Release|x64
		{E98A3BF4-4013-49B0-826D-BBB9CAA74A74}.Release|x86.ActiveCfg = Release|x86
		{E98A3BF4-4013-49B0-826D-BBB9CAA74A74}.Release|x86.Build.0 = Release|x86
		{628756A5-6290-4F64-90BA-38668238E049}.Debug|Any CPU.ActiveCfg = Debug|x86
		{628756A5-6290-4F64-90BA-38668238E049}.Debug|x64.ActiveCfg = Debug|x64
		{628756A5-6290-4F64-90BA-38668238E049}.Debug|x64.Build.0 = Debug|x64
		{628756A5-6290-4F64-90BA-38668238E049}.Debug|x86.ActiveCfg = Debug|x86
		{628756A5-6290-4F64-90BA-38668238E049}.Debug|x86.Build.0 = Debug|x86
		{628756A5-6290-4F64-90BA-38668238E049}.Release|Any CPU.ActiveCfg = Release|x86
		{628756A5-6290-4F64-90BA-38668238E049}.Release|x64.ActiveCfg = Release|x64
		{628756A5-6290-4F64-90BA-38668238E049}.Release|x64.Build.0 = Release|x64
		{628756A5-6290-4F64-90BA-38668238E049}.Release|x86.ActiveCfg = Release|x86
		{628756A5-6290-4F64-90BA-38668238E049}.Release|x86.Build.0 = Release|x86
		{762990B1-9A5F-41E8-92E6-216A39967FC8}.Debug|Any CPU.ActiveCfg = Debug|x86
		{762990B1-9A5F-41E8-92E6-216A39967FC8}.Debug|x64.ActiveCfg = Debug|x64
		{762990B1-9A5F-41E8-92E6-216A39967FC8}.Debug|x64.Build.0 = Debug|x64
		{762990B1-9A5F-41E8-92E6-216A39967FC8}.Debug|x86.ActiveCfg = Debug|x86
		{762990B1-9A5F-41E8-92E6-216A39967FC8}.Debug|x86.Build.0 = Debug|x86
		{762990B1-9A5F-41E8-92E6-216A39967FC8}.Release|Any CPU.ActiveCfg = Release|x86
		{762990B1-9A5F-41E8-92E6-216A39967FC8}.Release|x64.ActiveCfg = Release|x64
		{762990B1-9A5F-41E8-92E6-216A39967FC8}.Release|x64.Build.0 = Release|x64
		{762990B1-9A5F-41E8-92E6-216A39967FC8}.Release|x86.ActiveCfg = Release|x86
		{762990B1-9A5F-41E8-92E6-216A39967FC8}.Release|x86.Build.0 = Release|x86
		{22CFF382-269E-4F96-8E31-1962D09E0F72}.Debug|Any CPU.ActiveCfg = Debug|x86
		{22CFF382-269E-4F96-8E31-1962D09E0F72}.Debug|x64.ActiveCfg = Debug|x64
		{22CFF382-269E-4F96-8E31-1962D09E0F72}.Debug|x64.Build.0 = Debug|x64
		{22CFF382-269E-4F96-8E31-1962D09E0F72}.Debug|x86.ActiveCfg = Debug|x86
		{22CFF382-269E-4F96-8E31-1962D09E0F72}.Debug|x86.Build.0 = Debug|x86
		{22CFF382-269E-4F96-8E31-1962D09E0F72}.Release|Any CPU.ActiveCfg = Release|x86
		{22CFF382-269E-4F96-8E31-1962D09E0F72}.Release|x64.ActiveCfg = Release|x64
		{22CFF382-269E-4F96-8E31-1962D09E0F72}.Release|x64.Build.0 = Release|x64
		{22CFF382-269E-4F96-8E31-1962D09E0F72}.Release|x86.ActiveCfg = Release|x86
		{22CFF382-269E-4F96-8E31-1962D09E0F72}.Release|x86.Build.0 = Release|x86
		{8F59CD53-1B62-4106-AB69-D3A566A2DE72}.Debug|Any CPU.ActiveCfg = Debug|x86
		{8F59CD53-1B62-4106-AB69-D3A566A2DE72}.Debug|x64.ActiveCfg = Debug|x64
		{8F59CD53-1B62-4106-AB69-D3A566A2DE72}.Debug|x64.Build.0 = Debug|x64
		{8F59CD53-1B62-4106-AB69-D3A566A2DE72}.Debug|x86.ActiveCfg = Debug|x86
		{8F59CD53-1B62-4106-AB69-D3A566A2DE72}.Debug|x86.Build.0 = Debug|x86
		{8F59CD53-1B62-4106-AB69-D3A566A2DE72}.Release|Any CPU.ActiveCfg = Release|x86
		{8F59CD53-1B62-4106-AB69-D3A566A2DE72}.Release|x64.ActiveCfg = Release|x64
		{8F59CD53-1B62-4106-AB69-D3A566A2DE72}.Release|x64.Build.0 = Release|x64
		{8F59CD53-1B62-4106-AB69-D3A566A2DE72}.Release|x86.ActiveCfg = Release|x86
		{8F59CD53-1B62-4106-AB69-D3A566A2DE72}.Release|x86.Build.0 = Release|x86
		{CD09E87F-080B-45B4-A89A-0ACC405FEA73}.Debug|Any CPU.ActiveCfg = Debug|x86
		{CD09E87F-080B-45B4-A89A-0ACC405FEA73}.Debug|x64.ActiveCfg = Debug|x64
		{CD09E87F-080B-45B4-A89A-0ACC405FEA73}.Debug|x64.Build.0 = Debug|x64
		{CD09E87F-080B-45B4-A89A-0ACC405FEA73}.Debug|x86.ActiveCfg = Debug|x86
		{CD09E87F-080B-45B4-A89A-0ACC405FEA73}.Debug|x86.Build.0 = Debug|x86
		{CD09E87F-080B-45B4-A89A-0ACC405FEA73}.Release|Any CPU.ActiveCfg = Release|x86
		{CD09E87F-080B-45B4-A89A-0ACC405FEA73}.Release|x64.ActiveCfg = Release|x64
		{CD09E87F-080B-45B4-A89A-0ACC405FEA73}.Release|x64.Build.0 = Release|x64
		{CD09E87F-080B-45B4-A89A-0ACC405FEA73}.Release|x86.ActiveCfg = Release|x86
		{CD09E87F-080B-45B4-A89A-0ACC405FEA73}.Release|x86.Build.0 = Release|x86
		{25683C16-D38A-43B6-B06E-C3F5357DDB21}.Debug|Any CPU.ActiveCfg = Debug|Any CPU
		{25683C16-D38A-43B6-B06E-C3F5357DDB21}.Debug|Any CPU.Build.0 = Debug|Any CPU
		{25683C16-D38A-43B6-B06E-C3F5357DDB21}.Debug|x64.ActiveCfg = Debug|Any CPU
		{25683C16-D38A-43B6-B06E-C3F5357DDB21}.Debug|x64.Build.0 = Debug|Any CPU
		{25683C16-D38A-43B6-B06E-C3F5357DDB21}.Debug|x86.ActiveCfg = Debug|Any CPU
		{25683C16-D38A-43B6-B06E-C3F5357DDB21}.Debug|x86.Build.0 = Debug|Any CPU
		{25683C16-D38A-43B6-B06E-C3F5357DDB21}.Release|Any CPU.ActiveCfg = Release|Any CPU
		{25683C16-D38A-43B6-B06E-C3F5357DDB21}.Release|Any CPU.Build.0 = Release|Any CPU
		{25683C16-D38A-43B6-B06E-C3F5357DDB21}.Release|x64.ActiveCfg = Release|Any CPU
		{25683C16-D38A-43B6-B06E-C3F5357DDB21}.Release|x64.Build.0 = Release|Any CPU
		{25683C16-D38A-43B6-B06E-C3F5357DDB21}.Release|x86.ActiveCfg = Release|Any CPU
		{25683C16-D38A-43B6-B06E-C3F5357DDB21}.Release|x86.Build.0 = Release|Any CPU
		{DF3333B7-F4B3-4A9A-A771-A9A1D913C2F8}.Debug|Any CPU.ActiveCfg = Debug|x86
		{DF3333B7-F4B3-4A9A-A771-A9A1D913C2F8}.Debug|x64.ActiveCfg = Debug|x64
		{DF3333B7-F4B3-4A9A-A771-A9A1D913C2F8}.Debug|x64.Build.0 = Debug|x64
		{DF3333B7-F4B3-4A9A-A771-A9A1D913C2F8}.Debug|x86.ActiveCfg = Debug|x86
		{DF3333B7-F4B3-4A9A-A771-A9A1D913C2F8}.Debug|x86.Build.0 = Debug|x86
		{DF3333B7-F4B3-4A9A-A771-A9A1D913C2F8}.Release|Any CPU.ActiveCfg = Release|x86
		{DF3333B7-F4B3-4A9A-A771-A9A1D913C2F8}.Release|x64.ActiveCfg = Release|x64
		{DF3333B7-F4B3-4A9A-A771-A9A1D913C2F8}.Release|x64.Build.0 = Release|x64
		{DF3333B7-F4B3-4A9A-A771-A9A1D913C2F8}.Release|x86.ActiveCfg = Release|x86
		{DF3333B7-F4B3-4A9A-A771-A9A1D913C2F8}.Release|x86.Build.0 = Release|x86
		{F463E77E-BD34-4BB0-B1B4-4782EE980B84}.Debug|Any CPU.ActiveCfg = Debug|x86
		{F463E77E-BD34-4BB0-B1B4-4782EE980B84}.Debug|x64.ActiveCfg = Debug|x64
		{F463E77E-BD34-4BB0-B1B4-4782EE980B84}.Debug|x64.Build.0 = Debug|x64
		{F463E77E-BD34-4BB0-B1B4-4782EE980B84}.Debug|x86.ActiveCfg = Debug|x86
		{F463E77E-BD34-4BB0-B1B4-4782EE980B84}.Debug|x86.Build.0 = Debug|x86
		{F463E77E-BD34-4BB0-B1B4-4782EE980B84}.Release|Any CPU.ActiveCfg = Release|x86
		{F463E77E-BD34-4BB0-B1B4-4782EE980B84}.Release|x64.ActiveCfg = Release|x64
		{F463E77E-BD34-4BB0-B1B4-4782EE980B84}.Release|x64.Build.0 = Release|x64
		{F463E77E-BD34-4BB0-B1B4-4782EE980B84}.Release|x86.ActiveCfg = Release|x86
		{F463E77E-BD34-4BB0-B1B4-4782EE980B84}.Release|x86.Build.0 = Release|x86
	EndGlobalSection
	GlobalSection(SolutionProperties) = preSolution
		HideSolutionNode = FALSE
	EndGlobalSection
	GlobalSection(NestedProjects) = preSolution
		{C3549307-580E-44B1-838A-A56C4B51E6F2} = {ED2A1255-BE55-4242-9F4A-D73DFB7E6DED}
		{90D07478-E369-4F36-B220-5D6A59C24BFA} = {ED2A1255-BE55-4242-9F4A-D73DFB7E6DED}
		{18B8115E-15D3-4309-BE4F-D633E88E1B30} = {ED2A1255-BE55-4242-9F4A-D73DFB7E6DED}
		{C3E8D7DC-B3C9-482D-95C1-C8D4D8920807} = {89035C41-AD9F-4918-BA0F-D8769934FAE0}
		{E98A3BF4-4013-49B0-826D-BBB9CAA74A74} = {89035C41-AD9F-4918-BA0F-D8769934FAE0}
		{628756A5-6290-4F64-90BA-38668238E049} = {89035C41-AD9F-4918-BA0F-D8769934FAE0}
		{762990B1-9A5F-41E8-92E6-216A39967FC8} = {89035C41-AD9F-4918-BA0F-D8769934FAE0}
		{22CFF382-269E-4F96-8E31-1962D09E0F72} = {89035C41-AD9F-4918-BA0F-D8769934FAE0}
		{8F59CD53-1B62-4106-AB69-D3A566A2DE72} = {89035C41-AD9F-4918-BA0F-D8769934FAE0}
		{89035C41-AD9F-4918-BA0F-D8769934FAE0} = {7C7F083F-4FA7-45FB-B3DC-F46E7A0FB704}
		{362D1621-9F19-4789-B5EE-BC58B5D38AC7} = {89035C41-AD9F-4918-BA0F-D8769934FAE0}
		{CD09E87F-080B-45B4-A89A-0ACC405FEA73} = {362D1621-9F19-4789-B5EE-BC58B5D38AC7}
		{25683C16-D38A-43B6-B06E-C3F5357DDB21} = {362D1621-9F19-4789-B5EE-BC58B5D38AC7}
		{DF3333B7-F4B3-4A9A-A771-A9A1D913C2F8} = {362D1621-9F19-4789-B5EE-BC58B5D38AC7}
		{F463E77E-BD34-4BB0-B1B4-4782EE980B84} = {362D1621-9F19-4789-B5EE-BC58B5D38AC7}
	EndGlobalSection
	GlobalSection(ExtensibilityGlobals) = postSolution
		SolutionGuid = {ECDA4DCA-DCAF-4183-8BE1-D270D30E635F}
	EndGlobalSection
EndGlobal
